
Microsoft Visual Studio Solution File, Format Version 12.00
# Visual Studio Version 17
VisualStudioVersion = 17.11.35222.181
MinimumVisualStudioVersion = 10.0.40219.1
Project("{FAE04EC0-301F-11D3-BF4B-00C04F79EFBC}") = "dag1labb", "dag1labb\dag1labb.csproj", "{D65DD71C-0E22-4D80-A280-E3B3E80607E8}"
EndProject
Global
	GlobalSection(SolutionConfigurationPlatforms) = preSolution
		Debug|Any CPU = Debug|Any CPU
		Release|Any CPU = Release|Any CPU
	EndGlobalSection
	GlobalSection(ProjectConfigurationPlatforms) = postSolution
		{D65DD71C-0E22-4D80-A280-E3B3E80607E8}.Debug|Any CPU.ActiveCfg = Debug|Any CPU
		{D65DD71C-0E22-4D80-A280-E3B3E80607E8}.Debug|Any CPU.Build.0 = Debug|Any CPU
		{D65DD71C-0E22-4D80-A280-E3B3E80607E8}.Release|Any CPU.ActiveCfg = Release|Any CPU
		{D65DD71C-0E22-4D80-A280-E3B3E80607E8}.Release|Any CPU.Build.0 = Release|Any CPU
	EndGlobalSection
	GlobalSection(SolutionProperties) = preSolution
		HideSolutionNode = FALSE
	EndGlobalSection
	GlobalSection(ExtensibilityGlobals) = postSolution
		SolutionGuid = {C0F39E58-4B38-4191-AD3D-4B208924DA30}
	EndGlobalSection
EndGlobal
